
Microsoft Visual Studio Solution File, Format Version 12.00
# Visual Studio Version 16
VisualStudioVersion = 16.0.29503.13
MinimumVisualStudioVersion = 10.0.40219.1
Project("{FAE04EC0-301F-11D3-BF4B-00C04F79EFBC}") = "ModuloCompras", "ModuloCompras\ModuloCompras.csproj", "{5F9A0C00-B747-487D-BAFF-3F35AC8B86B3}"
EndProject
Global
	GlobalSection(SolutionConfigurationPlatforms) = preSolution
		Debug|Any CPU = Debug|Any CPU
		Release|Any CPU = Release|Any CPU
	EndGlobalSection
	GlobalSection(ProjectConfigurationPlatforms) = postSolution
		{5F9A0C00-B747-487D-BAFF-3F35AC8B86B3}.Debug|Any CPU.ActiveCfg = Debug|Any CPU
		{5F9A0C00-B747-487D-BAFF-3F35AC8B86B3}.Debug|Any CPU.Build.0 = Debug|Any CPU
		{5F9A0C00-B747-487D-BAFF-3F35AC8B86B3}.Release|Any CPU.ActiveCfg = Release|Any CPU
		{5F9A0C00-B747-487D-BAFF-3F35AC8B86B3}.Release|Any CPU.Build.0 = Release|Any CPU
	EndGlobalSection
	GlobalSection(SolutionProperties) = preSolution
		HideSolutionNode = FALSE
	EndGlobalSection
	GlobalSection(ExtensibilityGlobals) = postSolution
		SolutionGuid = {DEDE8460-9ADA-480D-9B86-60AAE29EC961}
	EndGlobalSection
EndGlobal
